Microsoft Visual Studio Solution File, Format Version 12.00
# Visual Studio Version 17
VisualStudioVersion = 17.5.2.0
MinimumVisualStudioVersion = 10.0.40219.1
Project("{FAE04EC0-301F-11D3-BF4B-00C04F79EFBC}") = "AudioAthleteApi", "AudioAthleteApi.csproj", "{9C377A86-4D21-20C9-6F0E-C79FC2398BDD}"
EndProject
Global
	GlobalSection(SolutionConfigurationPlatforms) = preSolution
		Debug|Any CPU = Debug|Any CPU
		Release|Any CPU = Release|Any CPU
	EndGlobalSection
	GlobalSection(ProjectConfigurationPlatforms) = postSolution
		{9C377A86-4D21-20C9-6F0E-C79FC2398BDD}.Debug|Any CPU.ActiveCfg = Debug|Any CPU
		{9C377A86-4D21-20C9-6F0E-C79FC2398BDD}.Debug|Any CPU.Build.0 = Debug|Any CPU
		{9C377A86-4D21-20C9-6F0E-C79FC2398BDD}.Release|Any CPU.ActiveCfg = Release|Any CPU
		{9C377A86-4D21-20C9-6F0E-C79FC2398BDD}.Release|Any CPU.Build.0 = Release|Any CPU
	EndGlobalSection
	GlobalSection(SolutionProperties) = preSolution
		HideSolutionNode = FALSE
	EndGlobalSection
	GlobalSection(ExtensibilityGlobals) = postSolution
		SolutionGuid = {0CF1D499-7B0E-4A01-ABBB-789F4E07D8EF}
	EndGlobalSection
EndGlobal
